
Microsoft Visual Studio Solution File, Format Version 12.00
# Visual Studio Version 17
VisualStudioVersion = 17.0.31903.59
MinimumVisualStudioVersion = 10.0.40219.1
Project("{FAE04EC0-301F-11D3-BF4B-00C04F79EFBC}") = "WAPP.UI", "WAPP.UI\WAPP.UI.csproj", "{D10DBAD1-DB41-4316-8AB7-39D17A7A90DC}"
EndProject
Project("{FAE04EC0-301F-11D3-BF4B-00C04F79EFBC}") = "WAPP.API", "WAPP.API\WAPP.API.csproj", "{71FF5314-21EB-4EE9-B773-2B73372AD7F1}"
EndProject
Global
	GlobalSection(SolutionConfigurationPlatforms) = preSolution
		Debug|Any CPU = Debug|Any CPU
		Release|Any CPU = Release|Any CPU
	EndGlobalSection
	GlobalSection(SolutionProperties) = preSolution
		HideSolutionNode = FALSE
	EndGlobalSection
	GlobalSection(ProjectConfigurationPlatforms) = postSolution
		{D10DBAD1-DB41-4316-8AB7-39D17A7A90DC}.Debug|Any CPU.ActiveCfg = Debug|Any CPU
		{D10DBAD1-DB41-4316-8AB7-39D17A7A90DC}.Debug|Any CPU.Build.0 = Debug|Any CPU
		{D10DBAD1-DB41-4316-8AB7-39D17A7A90DC}.Release|Any CPU.ActiveCfg = Release|Any CPU
		{D10DBAD1-DB41-4316-8AB7-39D17A7A90DC}.Release|Any CPU.Build.0 = Release|Any CPU
		{71FF5314-21EB-4EE9-B773-2B73372AD7F1}.Debug|Any CPU.ActiveCfg = Debug|Any CPU
		{71FF5314-21EB-4EE9-B773-2B73372AD7F1}.Debug|Any CPU.Build.0 = Debug|Any CPU
		{71FF5314-21EB-4EE9-B773-2B73372AD7F1}.Release|Any CPU.ActiveCfg = Release|Any CPU
		{71FF5314-21EB-4EE9-B773-2B73372AD7F1}.Release|Any CPU.Build.0 = Release|Any CPU
	EndGlobalSection
EndGlobal
